// !$*UTF8*$!
{
	archiveVersion = 1;
	classes = {
	};
	objectVersion = 50;
	objects = {

/* Begin PBXBuildFile section */
		4047AEFE251918FF007AA649 /* AppDelegate.swift in Sources */ = {isa = PBXBuildFile; fileRef = 4047AEFD251918FF007AA649 /* AppDelegate.swift */; };
		4047AF00251918FF007AA649 /* SceneDelegate.swift in Sources */ = {isa = PBXBuildFile; fileRef = 4047AEFF251918FF007AA649 /* SceneDelegate.swift */; };
		4047AF02251918FF007AA649 /* ViewController.swift in Sources */ = {isa = PBXBuildFile; fileRef = 4047AF01251918FF007AA649 /* ViewController.swift */; };
		4047AF05251918FF007AA649 /* Main.storyboard in Resources */ = {isa = PBXBuildFile; fileRef = 4047AF03251918FF007AA649 /* Main.storyboard */; };
		4047AF08251918FF007AA649 /* UberEatsMenu.xcdatamodeld in Sources */ = {isa = PBXBuildFile; fileRef = 4047AF06251918FF007AA649 /* UberEatsMenu.xcdatamodeld */; };
		4047AF0A25191904007AA649 /* Assets.xcassets in Resources */ = {isa = PBXBuildFile; fileRef = 4047AF0925191904007AA649 /* Assets.xcassets */; };
		4047AF0D25191904007AA649 /* LaunchScreen.storyboard in Resources */ = {isa = PBXBuildFile; fileRef = 4047AF0B25191904007AA649 /* LaunchScreen.storyboard */; };
		4047AF1825191904007AA649 /* UberEatsMenuTests.swift in Sources */ = {isa = PBXBuildFile; fileRef = 4047AF1725191904007AA649 /* UberEatsMenuTests.swift */; };
		4047AF2325191904007AA649 /* UberEatsMenuUITests.swift in Sources */ = {isa = PBXBuildFile; fileRef = 4047AF2225191904007AA649 /* UberEatsMenuUITests.swift */; };
/* End PBXBuildFile section */

/* Begin PBXContainerItemProxy section */
		4047AF1425191904007AA649 /* PBXContainerItemProxy */ = {
			isa = PBXContainerItemProxy;
			containerPortal = 4047AEF2251918FF007AA649 /* Project object */;
			proxyType = 1;
			remoteGlobalIDString = 4047AEF9251918FF007AA649;
			remoteInfo = UberEatsMenu;
		};
		4047AF1F25191904007AA649 /* PBXContainerItemProxy */ = {
			isa = PBXContainerItemProxy;
			containerPortal = 4047AEF2251918FF007AA649 /* Project object */;
			proxyType = 1;
			remoteGlobalIDString = 4047AEF9251918FF007AA649;
			remoteInfo = UberEatsMenu;
		};
/* End PBXContainerItemProxy section */

/* Begin PBXFileReference section */
		4047AEFA251918FF007AA649 /* UberEatsMenu.app */ = {isa = PBXFileReference; explicitFileType = wrapper.application; includeInIndex = 0; path = UberEatsMenu.app; sourceTree = BUILT_PRODUCTS_DIR; };
		4047AEFD251918FF007AA649 /* AppDelegate.swift */ = {isa = PBXFileReference; lastKnownFileType = sourcecode.swift; path = AppDelegate.swift; sourceTree = "<group>"; };
		4047AEFF251918FF007AA649 /* SceneDelegate.swift */ = {isa = PBXFileReference; lastKnownFileType = sourcecode.swift; path = SceneDelegate.swift; sourceTree = "<group>"; };
		4047AF01251918FF007AA649 /* ViewController.swift */ = {isa = PBXFileReference; lastKnownFileType = sourcecode.swift; path = ViewController.swift; sourceTree = "<group>"; };
		4047AF04251918FF007AA649 /* Base */ = {isa = PBXFileReference; lastKnownFileType = file.storyboard; name = Base; path = Base.lproj/Main.storyboard; sourceTree = "<group>"; };
		4047AF07251918FF007AA649 /* UberEatsMenu.xcdatamodel */ = {isa = PBXFileReference; lastKnownFileType = wrapper.xcdatamodel; path = UberEatsMenu.xcdatamodel; sourceTree = "<group>"; };
		4047AF0925191904007AA649 /* Assets.xcassets */ = {isa = PBXFileReference; lastKnownFileType = folder.assetcatalog; path = Assets.xcassets; sourceTree = "<group>"; };
		4047AF0C25191904007AA649 /* Base */ = {isa = PBXFileReference; lastKnownFileType = file.storyboard; name = Base; path = Base.lproj/LaunchScreen.storyboard; sourceTree = "<group>"; };
		4047AF0E25191904007AA649 /* Info.plist */ = {isa = PBXFileReference; lastKnownFileType = text.plist.xml; path = Info.plist; sourceTree = "<group>"; };
		4047AF1325191904007AA649 /* UberEatsMenuTests.xctest */ = {isa = PBXFileReference; explicitFileType = wrapper.cfbundle; includeInIndex = 0; path = UberEatsMenuTests.xctest; sourceTree = BUILT_PRODUCTS_DIR; };
		4047AF1725191904007AA649 /* UberEatsMenuTests.swift */ = {isa = PBXFileReference; lastKnownFileType = sourcecode.swift; path = UberEatsMenuTests.swift; sourceTree = "<group>"; };
		4047AF1925191904007AA649 /* Info.plist */ = {isa = PBXFileReference; lastKnownFileType = text.plist.xml; path = Info.plist; sourceTree = "<group>"; };
		4047AF1E25191904007AA649 /* UberEatsMenuUITests.xctest */ = {isa = PBXFileReference; explicitFileType = wrapper.cfbundle; includeInIndex = 0; path = UberEatsMenuUITests.xctest; sourceTree = BUILT_PRODUCTS_DIR; };
		4047AF2225191904007AA649 /* UberEatsMenuUITests.swift */ = {isa = PBXFileReference; lastKnownFileType = sourcecode.swift; path = UberEatsMenuUITests.swift; sourceTree = "<group>"; };
		4047AF2425191904007AA649 /* Info.plist */ = {isa = PBXFileReference; lastKnownFileType = text.plist.xml; path = Info.plist; sourceTree = "<group>"; };
/* End PBXFileReference section */

/* Begin PBXFrameworksBuildPhase section */
		4047AEF7251918FF007AA649 /* Frameworks */ = {
			isa = PBXFrameworksBuildPhase;
			buildActionMask = 2147483647;
			files = (
			);
			runOnlyForDeploymentPostprocessing = 0;
		};
		4047AF1025191904007AA649 /* Frameworks */ = {
			isa = PBXFrameworksBuildPhase;
			buildActionMask = 2147483647;
			files = (
			);
			runOnlyForDeploymentPostprocessing = 0;
		};
		4047AF1B25191904007AA649 /* Frameworks */ = {
			isa = PBXFrameworksBuildPhase;
			buildActionMask = 2147483647;
			files = (
			);
			runOnlyForDeploymentPostprocessing = 0;
		};
/* End PBXFrameworksBuildPhase section */

/* Begin PBXGroup section */
		4047AEF1251918FF007AA649 = {
			isa = PBXGroup;
			children = (
				4047AEFC251918FF007AA649 /* UberEatsMenu */,
				4047AF1625191904007AA649 /* UberEatsMenuTests */,
				4047AF2125191904007AA649 /* UberEatsMenuUITests */,
				4047AEFB251918FF007AA649 /* Products */,
			);
			sourceTree = "<group>";
		};
		4047AEFB251918FF007AA649 /* Products */ = {
			isa = PBXGroup;
			children = (
				4047AEFA251918FF007AA649 /* UberEatsMenu.app */,
				4047AF1325191904007AA649 /* UberEatsMenuTests.xctest */,
				4047AF1E25191904007AA649 /* UberEatsMenuUITests.xctest */,
			);
			name = Products;
			sourceTree = "<group>";
		};
		4047AEFC251918FF007AA649 /* UberEatsMenu */ = {
			isa = PBXGroup;
			children = (
				4047AEFD251918FF007AA649 /* AppDelegate.swift */,
				4047AEFF251918FF007AA649 /* SceneDelegate.swift */,
				4047AF01251918FF007AA649 /* ViewController.swift */,
				4047AF03251918FF007AA649 /* Main.storyboard */,
				4047AF0925191904007AA649 /* Assets.xcassets */,
				4047AF0B25191904007AA649 /* LaunchScreen.storyboard */,
				4047AF0E25191904007AA649 /* Info.plist */,
				4047AF06251918FF007AA649 /* UberEatsMenu.xcdatamodeld */,
			);
			path = UberEatsMenu;
			sourceTree = "<group>";
		};
		4047AF1625191904007AA649 /* UberEatsMenuTests */ = {
			isa = PBXGroup;
			children = (
				4047AF1725191904007AA649 /* UberEatsMenuTests.swift */,
				4047AF1925191904007AA649 /* Info.plist */,
			);
			path = UberEatsMenuTests;
			sourceTree = "<group>";
		};
		4047AF2125191904007AA649 /* UberEatsMenuUITests */ = {
			isa = PBXGroup;
			children = (
				4047AF2225191904007AA649 /* UberEatsMenuUITests.swift */,
				4047AF2425191904007AA649 /* Info.plist */,
			);
			path = UberEatsMenuUITests;
			sourceTree = "<group>";
		};
/* End PBXGroup section */

/* Begin PBXNativeTarget section */
		4047AEF9251918FF007AA649 /* UberEatsMenu */ = {
			isa = PBXNativeTarget;
			buildConfigurationList = 4047AF2725191904007AA649 /* Build configuration list for PBXNativeTarget "UberEatsMenu" */;
			buildPhases = (
				4047AEF6251918FF007AA649 /* Sources */,
				4047AEF7251918FF007AA649 /* Frameworks */,
				4047AEF8251918FF007AA649 /* Resources */,
			);
			buildRules = (
			);
			dependencies = (
			);
			name = UberEatsMenu;
			productName = UberEatsMenu;
			productReference = 4047AEFA251918FF007AA649 /* UberEatsMenu.app */;
			productType = "com.apple.product-type.application";
		};
		4047AF1225191904007AA649 /* UberEatsMenuTests */ = {
			isa = PBXNativeTarget;
			buildConfigurationList = 4047AF2A25191904007AA649 /* Build configuration list for PBXNativeTarget "UberEatsMenuTests" */;
			buildPhases = (
				4047AF0F25191904007AA649 /* Sources */,
				4047AF1025191904007AA649 /* Frameworks */,
				4047AF1125191904007AA649 /* Resources */,
			);
			buildRules = (
			);
			dependencies = (
				4047AF1525191904007AA649 /* PBXTargetDependency */,
			);
			name = UberEatsMenuTests;
			productName = UberEatsMenuTests;
			productReference = 4047AF1325191904007AA649 /* UberEatsMenuTests.xctest */;
			productType = "com.apple.product-type.bundle.unit-test";
		};
		4047AF1D25191904007AA649 /* UberEatsMenuUITests */ = {
			isa = PBXNativeTarget;
			buildConfigurationList = 4047AF2D25191904007AA649 /* Build configuration list for PBXNativeTarget "UberEatsMenuUITests" */;
			buildPhases = (
				4047AF1A25191904007AA649 /* Sources */,
				4047AF1B25191904007AA649 /* Frameworks */,
				4047AF1C25191904007AA649 /* Resources */,
			);
			buildRules = (
			);
			dependencies = (
				4047AF2025191904007AA649 /* PBXTargetDependency */,
			);
			name = UberEatsMenuUITests;
			productName = UberEatsMenuUITests;
			productReference = 4047AF1E25191904007AA649 /* UberEatsMenuUITests.xctest */;
			productType = "com.apple.product-type.bundle.ui-testing";
		};
/* End PBXNativeTarget section */

/* Begin PBXProject section */
		4047AEF2251918FF007AA649 /* Project object */ = {
			isa = PBXProject;
			attributes = {
				LastSwiftUpdateCheck = 1150;
				LastUpgradeCheck = 1150;
				ORGANIZATIONNAME = "Glenn Posadas";
				TargetAttributes = {
					4047AEF9251918FF007AA649 = {
						CreatedOnToolsVersion = 11.5;
					};
					4047AF1225191904007AA649 = {
						CreatedOnToolsVersion = 11.5;
						TestTargetID = 4047AEF9251918FF007AA649;
					};
					4047AF1D25191904007AA649 = {
						CreatedOnToolsVersion = 11.5;
						TestTargetID = 4047AEF9251918FF007AA649;
					};
				};
			};
			buildConfigurationList = 4047AEF5251918FF007AA649 /* Build configuration list for PBXProject "UberEatsMenu" */;
			compatibilityVersion = "Xcode 9.3";
			developmentRegion = en;
			hasScannedForEncodings = 0;
			knownRegions = (
				en,
				Base,
			);
			mainGroup = 4047AEF1251918FF007AA649;
			productRefGroup = 4047AEFB251918FF007AA649 /* Products */;
			projectDirPath = "";
			projectRoot = "";
			targets = (
				4047AEF9251918FF007AA649 /* UberEatsMenu */,
				4047AF1225191904007AA649 /* UberEatsMenuTests */,
				4047AF1D25191904007AA649 /* UberEatsMenuUITests */,
			);
		};
/* End PBXProject section */

/* Begin PBXResourcesBuildPhase section */
		4047AEF8251918FF007AA649 /* Resources */ = {
			isa = PBXResourcesBuildPhase;
			buildActionMask = 2147483647;
			files = (
				4047AF0D25191904007AA649 /* LaunchScreen.storyboard in Resources */,
				4047AF0A25191904007AA649 /* Assets.xcassets in Resources */,
				4047AF05251918FF007AA649 /* Main.storyboard in Resources */,
			);
			runOnlyForDeploymentPostprocessing = 0;
		};
		4047AF1125191904007AA649 /* Resources */ = {
			isa = PBXResourcesBuildPhase;
			buildActionMask = 2147483647;
			files = (
			);
			runOnlyForDeploymentPostprocessing = 0;
		};
		4047AF1C25191904007AA649 /* Resources */ = {
			isa = PBXResourcesBuildPhase;
			buildActionMask = 2147483647;
			files = (
			);
			runOnlyForDeploymentPostprocessing = 0;
		};
/* End PBXResourcesBuildPhase section */

/* Begin PBXSourcesBuildPhase section */
		4047AEF6251918FF007AA649 /* Sources */ = {
			isa = PBXSourcesBuildPhase;
			buildActionMask = 2147483647;
			files = (
				4047AF02251918FF007AA649 /* ViewController.swift in Sources */,
				4047AF08251918FF007AA649 /* UberEatsMenu.xcdatamodeld in Sources */,
				4047AEFE251918FF007AA649 /* AppDelegate.swift in Sources */,
				4047AF00251918FF007AA649 /* SceneDelegate.swift in Sources */,
			);
			runOnlyForDeploymentPostprocessing = 0;
		};
		4047AF0F25191904007AA649 /* Sources */ = {
			isa = PBXSourcesBuildPhase;
			buildActionMask = 2147483647;
			files = (
				4047AF1825191904007AA649 /* UberEatsMenuTests.swift in Sources */,
			);
			runOnlyForDeploymentPostprocessing = 0;
		};
		4047AF1A25191904007AA649 /* Sources */ = {
			isa = PBXSourcesBuildPhase;
			buildActionMask = 2147483647;
			files = (
				4047AF2325191904007AA649 /* UberEatsMenuUITests.swift in Sources */,
			);
			runOnlyForDeploymentPostprocessing = 0;
		};
/* End PBXSourcesBuildPhase section */

/* Begin PBXTargetDependency section */
		4047AF1525191904007AA649 /* PBXTargetDependency */ = {
			isa = PBXTargetDependency;
			target = 4047AEF9251918FF007AA649 /* UberEatsMenu */;
			targetProxy = 4047AF1425191904007AA649 /* PBXContainerItemProxy */;
		};
		4047AF2025191904007AA649 /* PBXTargetDependency */ = {
			isa = PBXTargetDependency;
			target = 4047AEF9251918FF007AA649 /* UberEatsMenu */;
			targetProxy = 4047AF1F25191904007AA649 /* PBXContainerItemProxy */;
		};
/* End PBXTargetDependency section */

/* Begin PBXVariantGroup section */
		4047AF03251918FF007AA649 /* Main.storyboard */ = {
			isa = PBXVariantGroup;
			children = (
				4047AF04251918FF007AA649 /* Base */,
			);
			name = Main.storyboard;
			sourceTree = "<group>";
		};
		4047AF0B25191904007AA649 /* LaunchScreen.storyboard */ = {
			isa = PBXVariantGroup;
			children = (
				4047AF0C25191904007AA649 /* Base */,
			);
			name = LaunchScreen.storyboard;
			sourceTree = "<group>";
		};
/* End PBXVariantGroup section */

/* Begin XCBuildConfiguration section */
		4047AF2525191904007AA649 /* Debug */ = {
			isa = XCBuildConfiguration;
			buildSettings = {
				ALWAYS_SEARCH_USER_PATHS = NO;
				CLANG_ANALYZER_NONNULL = YES;
				CLANG_ANALYZER_NUMBER_OBJECT_CONVERSION = YES_AGGRESSIVE;
				CLANG_CXX_LANGUAGE_STANDARD = "gnu++14";
				CLANG_CXX_LIBRARY = "libc++";
				CLANG_ENABLE_MODULES = YES;
				CLANG_ENABLE_OBJC_ARC = YES;
				CLANG_ENABLE_OBJC_WEAK = YES;
				CLANG_WARN_BLOCK_CAPTURE_AUTORELEASING = YES;
				CLANG_WARN_BOOL_CONVERSION = YES;
				CLANG_WARN_COMMA = YES;
				CLANG_WARN_CONSTANT_CONVERSION = YES;
				CLANG_WARN_DEPRECATED_OBJC_IMPLEMENTATIONS = YES;
				CLANG_WARN_DIRECT_OBJC_ISA_USAGE = YES_ERROR;
				CLANG_WARN_DOCUMENTATION_COMMENTS = YES;
				CLANG_WARN_EMPTY_BODY = YES;
				CLANG_WARN_ENUM_CONVERSION = YES;
				CLANG_WARN_INFINITE_RECURSION = YES;
				CLANG_WARN_INT_CONVERSION = YES;
				CLANG_WARN_NON_LITERAL_NULL_CONVERSION = YES;
				CLANG_WARN_OBJC_IMPLICIT_RETAIN_SELF = YES;
				CLANG_WARN_OBJC_LITERAL_CONVERSION = YES;
				CLANG_WARN_OBJC_ROOT_CLASS = YES_ERROR;
				CLANG_WARN_RANGE_LOOP_ANALYSIS = YES;
				CLANG_WARN_STRICT_PROTOTYPES = YES;
				CLANG_WARN_SUSPICIOUS_MOVE = YES;
				CLANG_WARN_UNGUARDED_AVAILABILITY = YES_AGGRESSIVE;
				CLANG_WARN_UNREACHABLE_CODE = YES;
				CLANG_WARN__DUPLICATE_METHOD_MATCH = YES;
				COPY_PHASE_STRIP = NO;
				DEBUG_INFORMATION_FORMAT = dwarf;
				ENABLE_STRICT_OBJC_MSGSEND = YES;
				ENABLE_TESTABILITY = YES;
				GCC_C_LANGUAGE_STANDARD = gnu11;
				GCC_DYNAMIC_NO_PIC = NO;
				GCC_NO_COMMON_BLOCKS = YES;
				GCC_OPTIMIZATION_LEVEL = 0;
				GCC_PREPROCESSOR_DEFINITIONS = (
					"DEBUG=1",
					"$(inherited)",
				);
				GCC_WARN_64_TO_32_BIT_CONVERSION = YES;
				GCC_WARN_ABOUT_RETURN_TYPE = YES_ERROR;
				GCC_WARN_UNDECLARED_SELECTOR = YES;
				GCC_WARN_UNINITIALIZED_AUTOS = YES_AGGRESSIVE;
				GCC_WARN_UNUSED_FUNCTION = YES;
				GCC_WARN_UNUSED_VARIABLE = YES;
				IPHONEOS_DEPLOYMENT_TARGET = 13.5;
				MTL_ENABLE_DEBUG_INFO = INCLUDE_SOURCE;
				MTL_FAST_MATH = YES;
				ONLY_ACTIVE_ARCH = YES;
				SDKROOT = iphoneos;
				SWIFT_ACTIVE_COMPILATION_CONDITIONS = DEBUG;
				SWIFT_OPTIMIZATION_LEVEL = "-Onone";
			};
			name = Debug;
		};
		4047AF2625191904007AA649 /* Release */ = {
			isa = XCBuildConfiguration;
			buildSettings = {
				ALWAYS_SEARCH_USER_PATHS = NO;
				CLANG_ANALYZER_NONNULL = YES;
				CLANG_ANALYZER_NUMBER_OBJECT_CONVERSION = YES_AGGRESSIVE;
				CLANG_CXX_LANGUAGE_STANDARD = "gnu++14";
				CLANG_CXX_LIBRARY = "libc++";
				CLANG_ENABLE_MODULES = YES;
				CLANG_ENABLE_OBJC_ARC = YES;
				CLANG_ENABLE_OBJC_WEAK = YES;
				CLANG_WARN_BLOCK_CAPTURE_AUTORELEASING = YES;
				CLANG_WARN_BOOL_CONVERSION = YES;
				CLANG_WARN_COMMA = YES;
				CLANG_WARN_CONSTANT_CONVERSION = YES;
				CLANG_WARN_DEPRECATED_OBJC_IMPLEMENTATIONS = YES;
				CLANG_WARN_DIRECT_OBJC_ISA_USAGE = YES_ERROR;
				CLANG_WARN_DOCUMENTATION_COMMENTS = YES;
				CLANG_WARN_EMPTY_BODY = YES;
				CLANG_WARN_ENUM_CONVERSION = YES;
				CLANG_WARN_INFINITE_RECURSION = YES;
				CLANG_WARN_INT_CONVERSION = YES;
				CLANG_WARN_NON_LITERAL_NULL_CONVERSION = YES;
				CLANG_WARN_OBJC_IMPLICIT_RETAIN_SELF = YES;
				CLANG_WARN_OBJC_LITERAL_CONVERSION = YES;
				CLANG_WARN_OBJC_ROOT_CLASS = YES_ERROR;
				CLANG_WARN_RANGE_LOOP_ANALYSIS = YES;
				CLANG_WARN_STRICT_PROTOTYPES = YES;
				CLANG_WARN_SUSPICIOUS_MOVE = YES;
				CLANG_WARN_UNGUARDED_AVAILABILITY = YES_AGGRESSIVE;
				CLANG_WARN_UNREACHABLE_CODE = YES;
				CLANG_WARN__DUPLICATE_METHOD_MATCH = YES;
				COPY_PHASE_STRIP = NO;
				DEBUG_INFORMATION_FORMAT = "dwarf-with-dsym";
				ENABLE_NS_ASSERTIONS = NO;
				ENABLE_STRICT_OBJC_MSGSEND = YES;
				GCC_C_LANGUAGE_STANDARD = gnu11;
				GCC_NO_COMMON_BLOCKS = YES;
				GCC_WARN_64_TO_32_BIT_CONVERSION = YES;
				GCC_WARN_ABOUT_RETURN_TYPE = YES_ERROR;
				GCC_WARN_UNDECLARED_SELECTOR = YES;
				GCC_WARN_UNINITIALIZED_AUTOS = YES_AGGRESSIVE;
				GCC_WARN_UNUSED_FUNCTION = YES;
				GCC_WARN_UNUSED_VARIABLE = YES;
				IPHONEOS_DEPLOYMENT_TARGET = 13.5;
				MTL_ENABLE_DEBUG_INFO = NO;
				MTL_FAST_MATH = YES;
				SDKROOT = iphoneos;
				SWIFT_COMPILATION_MODE = wholemodule;
				SWIFT_OPTIMIZATION_LEVEL = "-O";
				VALIDATE_PRODUCT = YES;
			};
			name = Release;
		};
		4047AF2825191904007AA649 /* Debug */ = {
			isa = XCBuildConfiguration;
			buildSettings = {
				ASSETCATALOG_COMPILER_APPICON_NAME = AppIcon;
				CODE_SIGN_STYLE = Automatic;
				DEVELOPMENT_TEAM = RE4YFXSB23;
				INFOPLIST_FILE = UberEatsMenu/Info.plist;
				LD_RUNPATH_SEARCH_PATHS = (
					"$(inherited)",
					"@executable_path/Frameworks",
				);
				PRODUCT_BUNDLE_IDENTIFIER = com.glennposadas.test.UberEatsMenu;
				PRODUCT_NAME = "$(TARGET_NAME)";
				SWIFT_VERSION = 5.0;
				TARGETED_DEVICE_FAMILY = "1,2";
			};
			name = Debug;
		};
		4047AF2925191904007AA649 /* Release */ = {
			isa = XCBuildConfiguration;
			buildSettings = {
				ASSETCATALOG_COMPILER_APPICON_NAME = AppIcon;
				CODE_SIGN_STYLE = Automatic;
				DEVELOPMENT_TEAM = RE4YFXSB23;
				INFOPLIST_FILE = UberEatsMenu/Info.plist;
				LD_RUNPATH_SEARCH_PATHS = (
					"$(inherited)",
					"@executable_path/Frameworks",
				);
				PRODUCT_BUNDLE_IDENTIFIER = com.glennposadas.test.UberEatsMenu;
				PRODUCT_NAME = "$(TARGET_NAME)";
				SWIFT_VERSION = 5.0;
				TARGETED_DEVICE_FAMILY = "1,2";
			};
			name = Release;
		};
		4047AF2B25191904007AA649 /* Debug */ = {
			isa = XCBuildConfiguration;
			buildSettings = {
				ALWAYS_EMBED_SWIFT_STANDARD_LIBRARIES = YES;
				BUNDLE_LOADER = "$(TEST_HOST)";
				CODE_SIGN_STYLE = Automatic;
				DEVELOPMENT_TEAM = RE4YFXSB23;
				INFOPLIST_FILE = UberEatsMenuTests/Info.plist;
				IPHONEOS_DEPLOYMENT_TARGET = 13.5;
				LD_RUNPATH_SEARCH_PATHS = (
					"$(inherited)",
					"@executable_path/Frameworks",
					"@loader_path/Frameworks",
				);
				PRODUCT_BUNDLE_IDENTIFIER = com.glennposadas.test.UberEatsMenuTests;
				PRODUCT_NAME = "$(TARGET_NAME)";
				SWIFT_VERSION = 5.0;
				TARGETED_DEVICE_FAMILY = "1,2";
				TEST_HOST = "$(BUILT_PRODUCTS_DIR)/UberEatsMenu.app/UberEatsMenu";
			};
			name = Debug;
		};
		4047AF2C25191904007AA649 /* Release */ = {
			isa = XCBuildConfiguration;
			buildSettings = {
				ALWAYS_EMBED_SWIFT_STANDARD_LIBRARIES = YES;
				BUNDLE_LOADER = "$(TEST_HOST)";
				CODE_SIGN_STYLE = Automatic;
				DEVELOPMENT_TEAM = RE4YFXSB23;
				INFOPLIST_FILE = UberEatsMenuTests/Info.plist;
				IPHONEOS_DEPLOYMENT_TARGET = 13.5;
				LD_RUNPATH_SEARCH_PATHS = (
					"$(inherited)",
					"@executable_path/Frameworks",
					"@loader_path/Frameworks",
				);
				PRODUCT_BUNDLE_IDENTIFIER = com.glennposadas.test.UberEatsMenuTests;
				PRODUCT_NAME = "$(TARGET_NAME)";
				SWIFT_VERSION = 5.0;
				TARGETED_DEVICE_FAMILY = "1,2";
				TEST_HOST = "$(BUILT_PRODUCTS_DIR)/UberEatsMenu.app/UberEatsMenu";
			};
			name = Release;
		};
		4047AF2E25191904007AA649 /* Debug */ = {
			isa = XCBuildConfiguration;
			buildSettings = {
				ALWAYS_EMBED_SWIFT_STANDARD_LIBRARIES = YES;
				CODE_SIGN_STYLE = Automatic;
				DEVELOPMENT_TEAM = RE4YFXSB23;
				INFOPLIST_FILE = UberEatsMenuUITests/Info.plist;
				LD_RUNPATH_SEARCH_PATHS = (
					"$(inherited)",
					"@executable_path/Frameworks",
					"@loader_path/Frameworks",
				);
				PRODUCT_BUNDLE_IDENTIFIER = com.glennposadas.test.UberEatsMenuUITests;
				PRODUCT_NAME = "$(TARGET_NAME)";
				SWIFT_VERSION = 5.0;
				TARGETED_DEVICE_FAMILY = "1,2";
				TEST_TARGET_NAME = UberEatsMenu;
			};
			name = Debug;
		};
		4047AF2F25191904007AA649 /* Release */ = {
			isa = XCBuildConfiguration;
			buildSettings = {
				ALWAYS_EMBED_SWIFT_STANDARD_LIBRARIES = YES;
				CODE_SIGN_STYLE = Automatic;
				DEVELOPMENT_TEAM = RE4YFXSB23;
				INFOPLIST_FILE = UberEatsMenuUITests/Info.plist;
				LD_RUNPATH_SEARCH_PATHS = (
					"$(inherited)",
					"@executable_path/Frameworks",
					"@loader_path/Frameworks",
				);
				PRODUCT_BUNDLE_IDENTIFIER = com.glennposadas.test.UberEatsMenuUITests;
				PRODUCT_NAME = "$(TARGET_NAME)";
				SWIFT_VERSION = 5.0;
				TARGETED_DEVICE_FAMILY = "1,2";
				TEST_TARGET_NAME = UberEatsMenu;
			};
			name = Release;
		};
/* End XCBuildConfiguration section */

/* Begin XCConfigurationList section */
		4047AEF5251918FF007AA649 /* Build configuration list for PBXProject "UberEatsMenu" */ = {
			isa = XCConfigurationList;
			buildConfigurations = (
				4047AF2525191904007AA649 /* Debug */,
				4047AF2625191904007AA649 /* Release */,
			);
			defaultConfigurationIsVisible = 0;
			defaultConfigurationName = Release;
		};
		4047AF2725191904007AA649 /* Build configuration list for PBXNativeTarget "UberEatsMenu" */ = {
			isa = XCConfigurationList;
			buildConfigurations = (
				4047AF2825191904007AA649 /* Debug */,
				4047AF2925191904007AA649 /* Release */,
			);
			defaultConfigurationIsVisible = 0;
			defaultConfigurationName = Release;
		};
		4047AF2A25191904007AA649 /* Build configuration list for PBXNativeTarget "UberEatsMenuTests" */ = {
			isa = XCConfigurationList;
			buildConfigurations = (
				4047AF2B25191904007AA649 /* Debug */,
				4047AF2C25191904007AA649 /* Release */,
			);
			defaultConfigurationIsVisible = 0;
			defaultConfigurationName = Release;
		};
		4047AF2D25191904007AA649 /* Build configuration list for PBXNativeTarget "UberEatsMenuUITests" */ = {
			isa = XCConfigurationList;
			buildConfigurations = (
				4047AF2E25191904007AA649 /* Debug */,
				4047AF2F25191904007AA649 /* Release */,
			);
			defaultConfigurationIsVisible = 0;
			defaultConfigurationName = Release;
		};
/* End XCConfigurationList section */

/* Begin XCVersionGroup section */
		4047AF06251918FF007AA649 /* UberEatsMenu.xcdatamodeld */ = {
			isa = XCVersionGroup;
			children = (
				4047AF07251918FF007AA649 /* UberEatsMenu.xcdatamodel */,
			);
			currentVersion = 4047AF07251918FF007AA649 /* UberEatsMenu.xcdatamodel */;
			path = UberEatsMenu.xcdatamodeld;
			sourceTree = "<group>";
			versionGroupType = wrapper.xcdatamodel;
		};
/* End XCVersionGroup section */
	};
	rootObject = 4047AEF2251918FF007AA649 /* Project object */;
}
